{
  "name": "sr_git",
  "version": "1.0.3",
  "lockfileVersion": 1,
  "requires": true,
  "dependencies": {
    "@kwsites/file-exists": {
      "version": "1.1.1",
      "resolved": "https://registry.npmjs.org/@kwsites/file-exists/-/file-exists-1.1.1.tgz",
      "integrity": "sha512-m9/5YGR18lIwxSFDwfE3oA7bWuq9kdau6ugN4H2rJeyhFQZcG9AgSHkQtSD15a8WvTgfz9aikZMrKPHvbpqFiw==",
      "requires": {
        "debug": "^4.1.1"
      }
    },
    "@kwsites/promise-deferred": {
      "version": "1.1.1",
      "resolved": "https://registry.npmjs.org/@kwsites/promise-deferred/-/promise-deferred-1.1.1.tgz",
      "integrity": "sha512-GaHYm+c0O9MjZRu0ongGBRbinu8gVAMd2UZjji6jVmqKtZluZnptXGWhz1E8j8D2HJ3f/yMxKAUC0b+57wncIw=="
    },
    "@types/node": {
      "version": "14.14.14",
      "resolved": "https://registry.npmjs.org/@types/node/-/node-14.14.14.tgz",
      "integrity": "sha512-UHnOPWVWV1z+VV8k6L1HhG7UbGBgIdghqF3l9Ny9ApPghbjICXkUJSd/b9gOgQfjM1r+37cipdw/HJ3F6ICEnQ=="
    },
    "debug": {
      "version": "4.3.1",
      "resolved": "https://registry.npmjs.org/debug/-/debug-4.3.1.tgz",
      "integrity": "sha512-doEwdvm4PCeK4K3RQN2ZC2BYUBaxwLARCqZmMjtF8a51J2Rb0xpVloFRnCODwqjpwnAoao4pelN8l3RJdv3gRQ==",
      "requires": {
        "ms": "2.1.2"
      }
    },
    "marked": {
      "version": "1.2.7",
      "resolved": "https://registry.npmjs.org/marked/-/marked-1.2.7.tgz",
      "integrity": "sha512-No11hFYcXr/zkBvL6qFmAp1z6BKY3zqLMHny/JN/ey+al7qwCM2+CMBL9BOgqMxZU36fz4cCWfn2poWIf7QRXA=="
    },
    "ms": {
      "version": "2.1.2",
      "resolved": "https://registry.npmjs.org/ms/-/ms-2.1.2.tgz",
      "integrity": "sha512-sGkPx+VjMtmA6MX27oA4FBFELFCZZ4S4XqeGOXCv68tT+jb3vk/RyaKWP0PTKyWtmLSM0b+adUTEvbs1PEaH2w=="
    },
    "simple-git": {
      "version": "2.31.0",
      "resolved": "https://registry.npmjs.org/simple-git/-/simple-git-2.31.0.tgz",
      "integrity": "sha512-/+rmE7dYZMbRAfEmn8EUIOwlM2G7UdzpkC60KF86YAfXGnmGtsPrKsym0hKvLBdFLLW019C+aZld1+6iIVy5xA==",
      "requires": {
        "@kwsites/file-exists": "^1.1.1",
        "@kwsites/promise-deferred": "^1.1.1",
        "debug": "^4.3.1"
      }
    },
    "sr_core_ts": {
      "version": "1.46.53",
      "resolved": "https://registry.npmjs.org/sr_core_ts/-/sr_core_ts-1.46.53.tgz",
      "integrity": "sha512-2cLAGl9wZNIm4GkdsRGtg8yg7xY23mwqzr27JF39uFHsDXQRiANsYtcp4xmY6WVqkmjOQTCybfVNqUZ5e/TYOA==",
      "requires": {
        "marked": "^1.2.7"
      }
    },
    "sr_test_framework": {
      "version": "1.0.18",
      "resolved": "https://registry.npmjs.org/sr_test_framework/-/sr_test_framework-1.0.18.tgz",
      "integrity": "sha512-TUjpfXuP3/wwVw7G1bR9T4SarZtM8UuG2BGwmFYmn74F+pQYUFBBauQaZAk8olItU7S89ytONptbCwXdd6BS8g==",
      "dev": true,
      "requires": {
        "sr_core_ts": "^1.46.42"
      }
    },
    "typescript": {
      "version": "4.1.3",
      "resolved": "https://registry.npmjs.org/typescript/-/typescript-4.1.3.tgz",
      "integrity": "sha512-B3ZIOf1IKeH2ixgHhj6la6xdwR9QrLC5d1VKeCSY4tvkqhF2eqd9O7txNlS0PO3GrBAFIdr3L1ndNwteUbZLYg==",
      "dev": true
    }
  }
}
